
Microsoft Visual Studio Solution File, Format Version 12.00
# Visual Studio Version 17
VisualStudioVersion = 17.10.35004.147
MinimumVisualStudioVersion = 10.0.40219.1
Project("{9A19103F-16F7-4668-BE54-9A1E7A4F7556}") = "NFPSharp", "NFPSharp.csproj", "{1180C02B-505A-4BB2-9261-436076544507}"
EndProject
Project("{FAE04EC0-301F-11D3-BF4B-00C04F79EFBC}") = "NFPTest", "..\NFPTest\NFPTest.csproj", "{F4821A7F-81F5-41FC-896B-500598F21A41}"
EndProject
Global
	GlobalSection(SolutionConfigurationPlatforms) = preSolution
		Debug|Any CPU = Debug|Any CPU
		Release|Any CPU = Release|Any CPU
	EndGlobalSection
	GlobalSection(ProjectConfigurationPlatforms) = postSolution
		{1180C02B-505A-4BB2-9261-436076544507}.Debug|Any CPU.ActiveCfg = Debug|Any CPU
		{1180C02B-505A-4BB2-9261-436076544507}.Debug|Any CPU.Build.0 = Debug|Any CPU
		{1180C02B-505A-4BB2-9261-436076544507}.Release|Any CPU.ActiveCfg = Release|Any CPU
		{1180C02B-505A-4BB2-9261-436076544507}.Release|Any CPU.Build.0 = Release|Any CPU
		{F4821A7F-81F5-41FC-896B-500598F21A41}.Debug|Any CPU.ActiveCfg = Debug|Any CPU
		{F4821A7F-81F5-41FC-896B-500598F21A41}.Debug|Any CPU.Build.0 = Debug|Any CPU
		{F4821A7F-81F5-41FC-896B-500598F21A41}.Release|Any CPU.ActiveCfg = Release|Any CPU
		{F4821A7F-81F5-41FC-896B-500598F21A41}.Release|Any CPU.Build.0 = Release|Any CPU
	EndGlobalSection
	GlobalSection(SolutionProperties) = preSolution
		HideSolutionNode = FALSE
	EndGlobalSection
	GlobalSection(ExtensibilityGlobals) = postSolution
		SolutionGuid = {FD87EC0A-330A-4287-98D4-CF6E3C3A6B0E}
	EndGlobalSection
EndGlobal
